# -------------------------------------------------------------------------- #
#
# Copyright (C) 1991-2013 Altera Corporation
# Your use of Altera Corporation's design tools, logic functions
# and other software and tools, and its AMPP partner logic
# functions, and any output files from any of the foregoing
# (including device programming or simulation files), and any
# associated documentation or information are expressly subject
# to the terms and conditions of the Altera Program License
# Subscription Agreement, Altera MegaCore Function License
# Agreement, or other applicable license agreement, including,
# without limitation, that your use is for the sole purpose of
# programming logic devices manufactured by Altera and sold by
# Altera or its authorized distributors.  Please refer to the
# applicable agreement for further details.
#
# -------------------------------------------------------------------------- #
#
# Quartus II 64-Bit
# Version 13.0.1 Build 232 06/12/2013 Service Pack 1 SJ Web Edition
#
# -------------------------------------------------------------------------- #
#
# Notes:
#
# Pin assignments below (MSX bus + SRAM addon) are copied verbatim from
# "Reference Designs/Altera DE0 Projects/MegaROM_ASCII16/MSX_FPGA_Top.qsf",
# which is itself confirmed byte-for-byte identical (diffed directly) to
# "Reference Designs/Altera DE0 Projects/SDMapper_V2.1b/SDMapper.qsf" for
# every MSX-bus signal - both are real-hardware-verified for MSX_FPGA_Hat
# rev 2.1b. Do not derive these independently; see MegaROM_ASCII16's QSF
# header comment for the verification history.
#
# -------------------------------------------------------------------------- #

set_global_assignment -name FAMILY "Cyclone III"
set_global_assignment -name DEVICE EP3C16F484C6
set_global_assignment -name TOP_LEVEL_ENTITY MSX_FPGA_Top
set_global_assignment -name ORIGINAL_QUARTUS_VERSION "13.0 SP1"
set_global_assignment -name LAST_QUARTUS_VERSION "13.0 SP1"
set_global_assignment -name PROJECT_OUTPUT_DIRECTORY output_files
set_global_assignment -name MIN_CORE_JUNCTION_TEMP 0
set_global_assignment -name MAX_CORE_JUNCTION_TEMP 85
set_global_assignment -name DEVICE_FILTER_SPEED_GRADE 6
set_global_assignment -name ERROR_CHECK_FREQUENCY_DIVISOR 1

# Pin & Location Assignments
# --------------------------
set_location_assignment PIN_G21 -to CLOCK_50
# --------------------------------------------------------------------------
# DE0 GPIO_1 (J5) - MSX bus (IDC1 on MSX_FPGA_Hat rev 2.1b)
# --------------------------------------------------------------------------
set_location_assignment PIN_AB11 -to MSX_CLK
set_location_assignment PIN_AA20 -to RESET_n
set_location_assignment PIN_AA11 -to CS1_n
set_location_assignment PIN_AB20 -to RD_n
set_location_assignment PIN_AA19 -to WAIT_n
set_location_assignment PIN_AB19 -to CS2_RFSH_n
set_location_assignment PIN_AB18 -to SOUNDIN
set_location_assignment PIN_AA18 -to SOUNDOUT
set_location_assignment PIN_AA17 -to M1_n
set_location_assignment PIN_AB17 -to U4OE_n
set_location_assignment PIN_Y17 -to MREQ_n
set_location_assignment PIN_W17 -to SLTSL_n
set_location_assignment PIN_U15 -to WR_n
set_location_assignment PIN_T15 -to IORQ_n
set_location_assignment PIN_W15 -to A_MUX[4]
set_location_assignment PIN_V15 -to U3OE_n
set_location_assignment PIN_R16 -to BUSDIR_n
set_location_assignment PIN_AB9 -to A_MUX[5]
set_location_assignment PIN_T16 -to INT_n
set_location_assignment PIN_AA9 -to A_MUX[2]
set_location_assignment PIN_AA7 -to A_MUX[3]
set_location_assignment PIN_AB7 -to U2OE_n
set_location_assignment PIN_T14 -to A_MUX[1]
set_location_assignment PIN_R14 -to A_MUX[0]
set_location_assignment PIN_U12 -to A_MUX[7]
set_location_assignment PIN_T12 -to A_MUX[6]
set_location_assignment PIN_R11 -to D[6]
set_location_assignment PIN_R12 -to D[7]
set_location_assignment PIN_U10 -to D[4]
set_location_assignment PIN_T10 -to D[5]
set_location_assignment PIN_U9 -to D[2]
set_location_assignment PIN_T9 -to D[3]
set_location_assignment PIN_Y7 -to U1_DIR
set_location_assignment PIN_U8 -to U1OE_n
set_location_assignment PIN_V6 -to D[1]
set_location_assignment PIN_V7 -to D[0]
# --------------------------------------------------------------------------
# DE0 GPIO_0 - SRAM addon board (ISSI IS61LV25616AL, 512KB)
# --------------------------------------------------------------------------
set_location_assignment	PIN_AB3	-to	SRAM_LB_n
set_location_assignment	PIN_AB5	-to	SRAM_OE_n
set_location_assignment	PIN_AB4	-to	SRAM_UB_n
set_location_assignment	PIN_V8	-to	SRAM_WE_n
set_location_assignment	PIN_AB14 -to SRAM_CE_n
set_location_assignment	PIN_AB16 -to SRAM_ADDR[0]
set_location_assignment	PIN_AA16 -to SRAM_ADDR[1]
set_location_assignment	PIN_AA15 -to SRAM_ADDR[2]
set_location_assignment	PIN_AB15 -to SRAM_ADDR[3]
set_location_assignment	PIN_AB13 -to SRAM_ADDR[4]
set_location_assignment	PIN_T8 -to SRAM_ADDR[5]
set_location_assignment	PIN_W6 -to SRAM_ADDR[6]
set_location_assignment	PIN_W7 -to SRAM_ADDR[7]
set_location_assignment	PIN_U7 -to SRAM_ADDR[8]
set_location_assignment	PIN_V5 -to SRAM_ADDR[9]
set_location_assignment	PIN_U13	-to	SRAM_ADDR[10]
set_location_assignment	PIN_V12	-to	SRAM_ADDR[11]
set_location_assignment	PIN_Y13	-to	SRAM_ADDR[12]
set_location_assignment	PIN_W13	-to	SRAM_ADDR[13]
set_location_assignment	PIN_V14	-to	SRAM_ADDR[14]
set_location_assignment	PIN_AA5	-to	SRAM_ADDR[15]
set_location_assignment	PIN_AB8	-to	SRAM_ADDR[16]
set_location_assignment	PIN_AA10 -to SRAM_ADDR[17]
set_location_assignment	PIN_AA14 -to SRAM_DQ[0]
set_location_assignment	PIN_AA13 -to SRAM_DQ[1]
set_location_assignment	PIN_AA8	-to	SRAM_DQ[2]
set_location_assignment	PIN_AB10 -to SRAM_DQ[3]
set_location_assignment	PIN_V11	-to	SRAM_DQ[4]
set_location_assignment	PIN_R10	-to	SRAM_DQ[5]
set_location_assignment	PIN_W10	-to	SRAM_DQ[6]
set_location_assignment	PIN_Y10	-to	SRAM_DQ[7]
# --------------------------------------------------------------------------
# DE0 onboard peripherals actually used by this design
# --------------------------------------------------------------------------
set_location_assignment PIN_H2  -to KEY[0]
set_location_assignment PIN_G3  -to KEY[1]
set_location_assignment PIN_F1  -to KEY[2]
# --
set_location_assignment PIN_J1  -to LEDG[0]
set_location_assignment PIN_J2  -to LEDG[1]
set_location_assignment PIN_J3  -to LEDG[2]
set_location_assignment PIN_H1  -to LEDG[3]
set_location_assignment PIN_F2  -to LEDG[4]
set_location_assignment PIN_E1  -to LEDG[5]
set_location_assignment PIN_C1  -to LEDG[6]
set_location_assignment PIN_C2  -to LEDG[7]
set_location_assignment PIN_B2  -to LEDG[8]
set_location_assignment PIN_B1  -to LEDG[9]
# --
set_location_assignment PIN_J6  -to SW[0]
set_location_assignment PIN_H5  -to SW[1]
set_location_assignment PIN_H6  -to SW[2]
set_location_assignment PIN_G4  -to SW[3]
set_location_assignment PIN_G5  -to SW[4]
set_location_assignment PIN_J7  -to SW[5]
set_location_assignment PIN_H7  -to SW[6]
set_location_assignment PIN_E3  -to SW[7]
set_location_assignment PIN_E4  -to SW[8]
set_location_assignment PIN_D2  -to SW[9]
# --
set_location_assignment PIN_E11 -to HEX0[0]
set_location_assignment PIN_F11 -to HEX0[1]
set_location_assignment PIN_H12 -to HEX0[2]
set_location_assignment PIN_H13 -to HEX0[3]
set_location_assignment PIN_G12 -to HEX0[4]
set_location_assignment PIN_F12 -to HEX0[5]
set_location_assignment PIN_F13 -to HEX0[6]
set_location_assignment PIN_A15 -to HEX1[6]
set_location_assignment PIN_E14 -to HEX1[5]
set_location_assignment PIN_B14 -to HEX1[4]
set_location_assignment PIN_A14 -to HEX1[3]
set_location_assignment PIN_C13 -to HEX1[2]
set_location_assignment PIN_B13 -to HEX1[1]
set_location_assignment PIN_A13 -to HEX1[0]
set_location_assignment PIN_F14 -to HEX2[6]
set_location_assignment PIN_B17 -to HEX2[5]
set_location_assignment PIN_A17 -to HEX2[4]
set_location_assignment PIN_E15 -to HEX2[3]
set_location_assignment PIN_B16 -to HEX2[2]
set_location_assignment PIN_A16 -to HEX2[1]
set_location_assignment PIN_D15 -to HEX2[0]
set_location_assignment PIN_G15 -to HEX3[6]
set_location_assignment PIN_D19 -to HEX3[5]
set_location_assignment PIN_C19 -to HEX3[4]
set_location_assignment PIN_B19 -to HEX3[3]
set_location_assignment PIN_A19 -to HEX3[2]
set_location_assignment PIN_F15 -to HEX3[1]
set_location_assignment PIN_B18 -to HEX3[0]
# --
set_instance_assignment -name IO_STANDARD "3.3-V LVTTL" -to KEY[2]
set_instance_assignment -name IO_STANDARD "3.3-V LVTTL" -to KEY[1]
set_instance_assignment -name IO_STANDARD "3.3-V LVTTL" -to KEY[0]
# --
set_instance_assignment -name IO_STANDARD "3.3-V LVTTL" -to CLOCK_50
# --
set_instance_assignment -name IO_STANDARD "3.3-V LVTTL" -to HEX0[0]
set_instance_assignment -name IO_STANDARD "3.3-V LVTTL" -to HEX0[1]
set_instance_assignment -name IO_STANDARD "3.3-V LVTTL" -to HEX0[2]
set_instance_assignment -name IO_STANDARD "3.3-V LVTTL" -to HEX0[3]
set_instance_assignment -name IO_STANDARD "3.3-V LVTTL" -to HEX0[4]
set_instance_assignment -name IO_STANDARD "3.3-V LVTTL" -to HEX0[5]
set_instance_assignment -name IO_STANDARD "3.3-V LVTTL" -to HEX0[6]
set_instance_assignment -name IO_STANDARD "3.3-V LVTTL" -to HEX1[0]
set_instance_assignment -name IO_STANDARD "3.3-V LVTTL" -to HEX1[1]
set_instance_assignment -name IO_STANDARD "3.3-V LVTTL" -to HEX1[2]
set_instance_assignment -name IO_STANDARD "3.3-V LVTTL" -to HEX1[3]
set_instance_assignment -name IO_STANDARD "3.3-V LVTTL" -to HEX1[4]
set_instance_assignment -name IO_STANDARD "3.3-V LVTTL" -to HEX1[5]
set_instance_assignment -name IO_STANDARD "3.3-V LVTTL" -to HEX1[6]
set_instance_assignment -name IO_STANDARD "3.3-V LVTTL" -to HEX2[0]
set_instance_assignment -name IO_STANDARD "3.3-V LVTTL" -to HEX2[1]
set_instance_assignment -name IO_STANDARD "3.3-V LVTTL" -to HEX2[2]
set_instance_assignment -name IO_STANDARD "3.3-V LVTTL" -to HEX2[3]
set_instance_assignment -name IO_STANDARD "3.3-V LVTTL" -to HEX2[4]
set_instance_assignment -name IO_STANDARD "3.3-V LVTTL" -to HEX2[5]
set_instance_assignment -name IO_STANDARD "3.3-V LVTTL" -to HEX2[6]
set_instance_assignment -name IO_STANDARD "3.3-V LVTTL" -to HEX3[0]
set_instance_assignment -name IO_STANDARD "3.3-V LVTTL" -to HEX3[1]
set_instance_assignment -name IO_STANDARD "3.3-V LVTTL" -to HEX3[2]
set_instance_assignment -name IO_STANDARD "3.3-V LVTTL" -to HEX3[3]
set_instance_assignment -name IO_STANDARD "3.3-V LVTTL" -to HEX3[4]
set_instance_assignment -name IO_STANDARD "3.3-V LVTTL" -to HEX3[5]
set_instance_assignment -name IO_STANDARD "3.3-V LVTTL" -to HEX3[6]
# --
set_instance_assignment -name IO_STANDARD "3.3-V LVTTL" -to SW[0]
set_instance_assignment -name IO_STANDARD "3.3-V LVTTL" -to SW[1]
set_instance_assignment -name IO_STANDARD "3.3-V LVTTL" -to SW[2]
set_instance_assignment -name IO_STANDARD "3.3-V LVTTL" -to SW[3]
set_instance_assignment -name IO_STANDARD "3.3-V LVTTL" -to SW[4]
set_instance_assignment -name IO_STANDARD "3.3-V LVTTL" -to SW[5]
set_instance_assignment -name IO_STANDARD "3.3-V LVTTL" -to SW[6]
set_instance_assignment -name IO_STANDARD "3.3-V LVTTL" -to SW[7]
set_instance_assignment -name IO_STANDARD "3.3-V LVTTL" -to SW[8]
set_instance_assignment -name IO_STANDARD "3.3-V LVTTL" -to SW[9]
set_instance_assignment -name IO_STANDARD "3.3-V LVTTL" -to LEDG[0]
set_instance_assignment -name IO_STANDARD "3.3-V LVTTL" -to LEDG[1]
set_instance_assignment -name IO_STANDARD "3.3-V LVTTL" -to LEDG[2]
set_instance_assignment -name IO_STANDARD "3.3-V LVTTL" -to LEDG[3]
set_instance_assignment -name IO_STANDARD "3.3-V LVTTL" -to LEDG[4]
set_instance_assignment -name IO_STANDARD "3.3-V LVTTL" -to LEDG[5]
set_instance_assignment -name IO_STANDARD "3.3-V LVTTL" -to LEDG[6]
set_instance_assignment -name IO_STANDARD "3.3-V LVTTL" -to LEDG[7]
set_instance_assignment -name IO_STANDARD "3.3-V LVTTL" -to LEDG[8]
set_instance_assignment -name IO_STANDARD "3.3-V LVTTL" -to LEDG[9]
# --
set_instance_assignment -name IO_STANDARD "3.3-V LVTTL" -to SRAM_ADDR[0]
set_instance_assignment -name IO_STANDARD "3.3-V LVTTL" -to SRAM_ADDR[1]
set_instance_assignment -name IO_STANDARD "3.3-V LVTTL" -to SRAM_ADDR[2]
set_instance_assignment -name IO_STANDARD "3.3-V LVTTL" -to SRAM_ADDR[3]
set_instance_assignment -name IO_STANDARD "3.3-V LVTTL" -to SRAM_ADDR[4]
set_instance_assignment -name IO_STANDARD "3.3-V LVTTL" -to SRAM_ADDR[5]
set_instance_assignment -name IO_STANDARD "3.3-V LVTTL" -to SRAM_ADDR[6]
set_instance_assignment -name IO_STANDARD "3.3-V LVTTL" -to SRAM_ADDR[7]
set_instance_assignment -name IO_STANDARD "3.3-V LVTTL" -to SRAM_ADDR[8]
set_instance_assignment -name IO_STANDARD "3.3-V LVTTL" -to SRAM_ADDR[9]
set_instance_assignment -name IO_STANDARD "3.3-V LVTTL" -to SRAM_ADDR[10]
set_instance_assignment -name IO_STANDARD "3.3-V LVTTL" -to SRAM_ADDR[11]
set_instance_assignment -name IO_STANDARD "3.3-V LVTTL" -to SRAM_ADDR[12]
set_instance_assignment -name IO_STANDARD "3.3-V LVTTL" -to SRAM_ADDR[13]
set_instance_assignment -name IO_STANDARD "3.3-V LVTTL" -to SRAM_ADDR[14]
set_instance_assignment -name IO_STANDARD "3.3-V LVTTL" -to SRAM_ADDR[15]
set_instance_assignment -name IO_STANDARD "3.3-V LVTTL" -to SRAM_ADDR[16]
set_instance_assignment -name IO_STANDARD "3.3-V LVTTL" -to SRAM_ADDR[17]
set_instance_assignment -name IO_STANDARD "3.3-V LVTTL" -to SRAM_DQ[0]
set_instance_assignment -name IO_STANDARD "3.3-V LVTTL" -to SRAM_DQ[1]
set_instance_assignment -name IO_STANDARD "3.3-V LVTTL" -to SRAM_DQ[2]
set_instance_assignment -name IO_STANDARD "3.3-V LVTTL" -to SRAM_DQ[3]
set_instance_assignment -name IO_STANDARD "3.3-V LVTTL" -to SRAM_DQ[4]
set_instance_assignment -name IO_STANDARD "3.3-V LVTTL" -to SRAM_DQ[5]
set_instance_assignment -name IO_STANDARD "3.3-V LVTTL" -to SRAM_DQ[6]
set_instance_assignment -name IO_STANDARD "3.3-V LVTTL" -to SRAM_DQ[7]
set_instance_assignment -name IO_STANDARD "3.3-V LVTTL" -to SRAM_CE_n
set_instance_assignment -name IO_STANDARD "3.3-V LVTTL" -to SRAM_WE_n
set_instance_assignment -name IO_STANDARD "3.3-V LVTTL" -to SRAM_OE_n
set_instance_assignment -name IO_STANDARD "3.3-V LVTTL" -to SRAM_UB_n
set_instance_assignment -name IO_STANDARD "3.3-V LVTTL" -to SRAM_LB_n
# --
set_instance_assignment -name IO_STANDARD "3.3-V LVTTL" -to MSX_CLK
set_instance_assignment -name IO_STANDARD "3.3-V LVTTL" -to RESET_n
set_instance_assignment -name IO_STANDARD "3.3-V LVTTL" -to CS1_n
set_instance_assignment -name IO_STANDARD "3.3-V LVTTL" -to RD_n
set_instance_assignment -name IO_STANDARD "3.3-V LVTTL" -to WAIT_n
set_instance_assignment -name IO_STANDARD "3.3-V LVTTL" -to CS2_RFSH_n
set_instance_assignment -name IO_STANDARD "3.3-V LVTTL" -to SOUNDIN
set_instance_assignment -name IO_STANDARD "3.3-V LVTTL" -to SOUNDOUT
set_instance_assignment -name IO_STANDARD "3.3-V LVTTL" -to M1_n
set_instance_assignment -name IO_STANDARD "3.3-V LVTTL" -to U4OE_n
set_instance_assignment -name IO_STANDARD "3.3-V LVTTL" -to MREQ_n
set_instance_assignment -name IO_STANDARD "3.3-V LVTTL" -to SLTSL_n
set_instance_assignment -name IO_STANDARD "3.3-V LVTTL" -to WR_n
set_instance_assignment -name IO_STANDARD "3.3-V LVTTL" -to IORQ_n
set_instance_assignment -name IO_STANDARD "3.3-V LVTTL" -to A_MUX[4]
set_instance_assignment -name IO_STANDARD "3.3-V LVTTL" -to U3OE_n
set_instance_assignment -name IO_STANDARD "3.3-V LVTTL" -to BUSDIR_n
set_instance_assignment -name IO_STANDARD "3.3-V LVTTL" -to A_MUX[5]
set_instance_assignment -name IO_STANDARD "3.3-V LVTTL" -to INT_n
set_instance_assignment -name IO_STANDARD "3.3-V LVTTL" -to A_MUX[2]
set_instance_assignment -name IO_STANDARD "3.3-V LVTTL" -to A_MUX[3]
set_instance_assignment -name IO_STANDARD "3.3-V LVTTL" -to U2OE_n
set_instance_assignment -name IO_STANDARD "3.3-V LVTTL" -to A_MUX[1]
set_instance_assignment -name IO_STANDARD "3.3-V LVTTL" -to A_MUX[0]
set_instance_assignment -name IO_STANDARD "3.3-V LVTTL" -to A_MUX[7]
set_instance_assignment -name IO_STANDARD "3.3-V LVTTL" -to A_MUX[6]
set_instance_assignment -name IO_STANDARD "3.3-V LVTTL" -to D[6]
set_instance_assignment -name IO_STANDARD "3.3-V LVTTL" -to D[7]
set_instance_assignment -name IO_STANDARD "3.3-V LVTTL" -to D[4]
set_instance_assignment -name IO_STANDARD "3.3-V LVTTL" -to D[5]
set_instance_assignment -name IO_STANDARD "3.3-V LVTTL" -to D[2]
set_instance_assignment -name IO_STANDARD "3.3-V LVTTL" -to D[3]
set_instance_assignment -name IO_STANDARD "3.3-V LVTTL" -to U1_DIR
set_instance_assignment -name IO_STANDARD "3.3-V LVTTL" -to U1OE_n
set_instance_assignment -name IO_STANDARD "3.3-V LVTTL" -to D[1]
set_instance_assignment -name IO_STANDARD "3.3-V LVTTL" -to D[0]
# --
set_global_assignment -name CRC_ERROR_OPEN_DRAIN OFF
set_global_assignment -name CYCLONEII_RESERVE_NCEO_AFTER_CONFIGURATION "USE AS REGULAR IO"
set_global_assignment -name USE_CONFIGURATION_DEVICE ON
set_global_assignment -name CYCLONEIII_CONFIGURATION_DEVICE EPCS4
set_global_assignment -name OUTPUT_IO_TIMING_NEAR_END_VMEAS "HALF VCCIO" -rise
set_global_assignment -name OUTPUT_IO_TIMING_NEAR_END_VMEAS "HALF VCCIO" -fall
set_global_assignment -name OUTPUT_IO_TIMING_FAR_END_VMEAS "HALF SIGNAL SWING" -rise
set_global_assignment -name OUTPUT_IO_TIMING_FAR_END_VMEAS "HALF SIGNAL SWING" -fall
set_global_assignment -name POWER_PRESET_COOLING_SOLUTION "23 MM HEAT SINK WITH 200 LFPM AIRFLOW"
set_global_assignment -name POWER_BOARD_THERMAL_MODEL "NONE (CONSERVATIVE)"
set_global_assignment -name STRATIX_DEVICE_IO_STANDARD "2.5 V"
set_global_assignment -name PARTITION_NETLIST_TYPE SOURCE -section_id Top
set_global_assignment -name PARTITION_FITTER_PRESERVATION_LEVEL PLACEMENT_AND_ROUTING -section_id Top
set_global_assignment -name PARTITION_COLOR 16764057 -section_id Top
set_global_assignment -name VHDL_FILE MSX_FPGA_Top.vhd
set_global_assignment -name VHDL_FILE decoder_7seg.vhd
set_instance_assignment -name PARTITION_HIERARCHY root_partition -to | -section_id Top
